// !$*UTF8*$!
{
	archiveVersion = 1;
	classes = {
	};
	objectVersion = 46;
	objects = {

/* Begin PBXFileReference section */
		D103728F133E743C002A3028 /* makefile */ = {isa = PBXFileReference; fileEncoding = 4; lastKnownFileType = sourcecode.make; path = makefile; sourceTree = "<group>"; };
		D120AE6E133FE9C8001352BF /* location.cpp */ = {isa = PBXFileReference; fileEncoding = 4; lastKnownFileType = sourcecode.cpp.cpp; path = location.cpp; sourceTree = "<group>"; };
		D120AE6F133FE9C8001352BF /* location.h */ = {isa = PBXFileReference; fileEncoding = 4; lastKnownFileType = sourcecode.c.h; path = location.h; sourceTree = "<group>"; };
		D120AE71133FEBC8001352BF /* lava.cpp */ = {isa = PBXFileReference; fileEncoding = 4; lastKnownFileType = sourcecode.cpp.cpp; path = lava.cpp; sourceTree = "<group>"; };
		D120AE72133FEBC8001352BF /* lava.h */ = {isa = PBXFileReference; fileEncoding = 4; lastKnownFileType = sourcecode.c.h; path = lava.h; sourceTree = "<group>"; };
		D120AE73133FEE07001352BF /* property.cpp */ = {isa = PBXFileReference; fileEncoding = 4; lastKnownFileType = sourcecode.cpp.cpp; path = property.cpp; sourceTree = "<group>"; };
		D120AE74133FEE07001352BF /* property.h */ = {isa = PBXFileReference; fileEncoding = 4; lastKnownFileType = sourcecode.c.h; path = property.h; sourceTree = "<group>"; };
		D120AE75134011A4001352BF /* water.cpp */ = {isa = PBXFileReference; fileEncoding = 4; lastKnownFileType = sourcecode.cpp.cpp; path = water.cpp; sourceTree = "<group>"; };
		D120AE76134011A4001352BF /* water.h */ = {isa = PBXFileReference; fileEncoding = 4; lastKnownFileType = sourcecode.c.h; path = water.h; sourceTree = "<group>"; };
		D12DCC94133EC03B00E53FF2 /* stringutils.cpp */ = {isa = PBXFileReference; fileEncoding = 4; lastKnownFileType = sourcecode.cpp.cpp; path = stringutils.cpp; sourceTree = "<group>"; };
		D12DCC95133EC03B00E53FF2 /* stringutils.h */ = {isa = PBXFileReference; fileEncoding = 4; lastKnownFileType = sourcecode.c.h; path = stringutils.h; sourceTree = "<group>"; };
		D12DCC97133EC77D00E53FF2 /* object.cpp */ = {isa = PBXFileReference; fileEncoding = 4; lastKnownFileType = sourcecode.cpp.cpp; path = object.cpp; sourceTree = "<group>"; };
		D12DCC98133EC77D00E53FF2 /* object.h */ = {isa = PBXFileReference; fileEncoding = 4; lastKnownFileType = sourcecode.c.h; path = object.h; sourceTree = "<group>"; };
		D12DCC99133EC85E00E53FF2 /* robot.cpp */ = {isa = PBXFileReference; fileEncoding = 4; lastKnownFileType = sourcecode.cpp.cpp; path = robot.cpp; sourceTree = "<group>"; };
		D12DCC9A133EC85E00E53FF2 /* robot.h */ = {isa = PBXFileReference; fileEncoding = 4; lastKnownFileType = sourcecode.c.h; path = robot.h; sourceTree = "<group>"; };
		D14E4FCA13401D58009A003F /* mud.cpp */ = {isa = PBXFileReference; fileEncoding = 4; lastKnownFileType = sourcecode.cpp.cpp; path = mud.cpp; sourceTree = "<group>"; };
		D14E4FCB13401D58009A003F /* mud.h */ = {isa = PBXFileReference; fileEncoding = 4; lastKnownFileType = sourcecode.c.h; path = mud.h; sourceTree = "<group>"; };
		D14E4FCC13402195009A003F /* hole.cpp */ = {isa = PBXFileReference; fileEncoding = 4; lastKnownFileType = sourcecode.cpp.cpp; path = hole.cpp; sourceTree = "<group>"; };
		D14E4FCD13402195009A003F /* hole.h */ = {isa = PBXFileReference; fileEncoding = 4; lastKnownFileType = sourcecode.c.h; path = hole.h; sourceTree = "<group>"; };
		D14E4FCE1340239F009A003F /* fog.cpp */ = {isa = PBXFileReference; fileEncoding = 4; lastKnownFileType = sourcecode.cpp.cpp; path = fog.cpp; sourceTree = "<group>"; };
		D14E4FCF1340239F009A003F /* fog.h */ = {isa = PBXFileReference; fileEncoding = 4; lastKnownFileType = sourcecode.c.h; path = fog.h; sourceTree = "<group>"; };
		D14E4FD01340239F009A003F /* jammer.cpp */ = {isa = PBXFileReference; fileEncoding = 4; lastKnownFileType = sourcecode.cpp.cpp; path = jammer.cpp; sourceTree = "<group>"; };
		D14E4FD11340239F009A003F /* jammer.h */ = {isa = PBXFileReference; fileEncoding = 4; lastKnownFileType = sourcecode.c.h; path = jammer.h; sourceTree = "<group>"; };
		D1627EFF133FB686004593B9 /* earthrock.cpp */ = {isa = PBXFileReference; fileEncoding = 4; lastKnownFileType = sourcecode.cpp.cpp; path = earthrock.cpp; sourceTree = "<group>"; };
		D1627F00133FB687004593B9 /* earthrock.h */ = {isa = PBXFileReference; fileEncoding = 4; lastKnownFileType = sourcecode.c.h; path = earthrock.h; sourceTree = "<group>"; };
		D1627F02133FBA79004593B9 /* romulanrock.cpp */ = {isa = PBXFileReference; fileEncoding = 4; lastKnownFileType = sourcecode.cpp.cpp; path = romulanrock.cpp; sourceTree = "<group>"; };
		D1627F03133FBA79004593B9 /* romulanrock.h */ = {isa = PBXFileReference; fileEncoding = 4; lastKnownFileType = sourcecode.c.h; path = romulanrock.h; sourceTree = "<group>"; };
		D1627F04133FBD9A004593B9 /* ball.cpp */ = {isa = PBXFileReference; fileEncoding = 4; lastKnownFileType = sourcecode.cpp.cpp; path = ball.cpp; sourceTree = "<group>"; };
		D1627F05133FBD9A004593B9 /* ball.h */ = {isa = PBXFileReference; fileEncoding = 4; lastKnownFileType = sourcecode.c.h; path = ball.h; sourceTree = "<group>"; };
		D1627F06133FCD19004593B9 /* block.cpp */ = {isa = PBXFileReference; fileEncoding = 4; lastKnownFileType = sourcecode.cpp.cpp; path = block.cpp; sourceTree = "<group>"; };
		D1627F07133FCD19004593B9 /* block.h */ = {isa = PBXFileReference; fileEncoding = 4; lastKnownFileType = sourcecode.c.h; path = block.h; sourceTree = "<group>"; };
		D1627F08133FCE75004593B9 /* energypill.cpp */ = {isa = PBXFileReference; fileEncoding = 4; lastKnownFileType = sourcecode.cpp.cpp; path = energypill.cpp; sourceTree = "<group>"; };
		D1627F09133FCE75004593B9 /* energypill.h */ = {isa = PBXFileReference; fileEncoding = 4; lastKnownFileType = sourcecode.c.h; path = energypill.h; sourceTree = "<group>"; };
		D16445F01357FD19007AAF08 /* sentry.cpp */ = {isa = PBXFileReference; fileEncoding = 4; lastKnownFileType = sourcecode.cpp.cpp; path = sentry.cpp; sourceTree = "<group>"; };
		D16445F11357FD19007AAF08 /* sentry.h */ = {isa = PBXFileReference; fileEncoding = 4; lastKnownFileType = sourcecode.c.h; path = sentry.h; sourceTree = "<group>"; };
		D174FC3413500168003CAE7B /* pilladdict.cpp */ = {isa = PBXFileReference; fileEncoding = 4; lastKnownFileType = sourcecode.cpp.cpp; path = pilladdict.cpp; sourceTree = "<group>"; };
		D174FC3513500168003CAE7B /* pilladdict.h */ = {isa = PBXFileReference; fileEncoding = 4; lastKnownFileType = sourcecode.c.h; path = pilladdict.h; sourceTree = "<group>"; };
		D174FC3713500D3C003CAE7B /* simulate.cpp */ = {isa = PBXFileReference; fileEncoding = 4; lastKnownFileType = sourcecode.cpp.cpp; path = simulate.cpp; sourceTree = "<group>"; };
		D174FC3813500D3C003CAE7B /* simulate.h */ = {isa = PBXFileReference; fileEncoding = 4; lastKnownFileType = sourcecode.c.h; path = simulate.h; sourceTree = "<group>"; };
		D179BE9D135207AF002632EA /* energy.h */ = {isa = PBXFileReference; fileEncoding = 4; lastKnownFileType = sourcecode.c.h; path = energy.h; sourceTree = "<group>"; };
		D179BE9F13523991002632EA /* energy.cpp */ = {isa = PBXFileReference; fileEncoding = 4; lastKnownFileType = sourcecode.cpp.cpp; path = energy.cpp; sourceTree = "<group>"; };
		D18D47561348F94F00D16CEA /* generateconf.cpp */ = {isa = PBXFileReference; fileEncoding = 4; lastKnownFileType = sourcecode.cpp.cpp; path = generateconf.cpp; sourceTree = "<group>"; };
		D18D47571348F94F00D16CEA /* generateconf.h */ = {isa = PBXFileReference; fileEncoding = 4; lastKnownFileType = sourcecode.c.h; path = generateconf.h; sourceTree = "<group>"; };
		D1B3AC9C13636D170069DC6D /* tribot.cpp */ = {isa = PBXFileReference; fileEncoding = 4; lastKnownFileType = sourcecode.cpp.cpp; path = tribot.cpp; sourceTree = "<group>"; };
		D1B3AC9D13636D170069DC6D /* tribot.h */ = {isa = PBXFileReference; fileEncoding = 4; lastKnownFileType = sourcecode.c.h; path = tribot.h; sourceTree = "<group>"; };
		D1C0FB67135171C800C97835 /* brain.cpp */ = {isa = PBXFileReference; fileEncoding = 4; lastKnownFileType = sourcecode.cpp.cpp; path = brain.cpp; sourceTree = "<group>"; };
		D1C0FB68135171C800C97835 /* brain.h */ = {isa = PBXFileReference; fileEncoding = 4; lastKnownFileType = sourcecode.c.h; path = brain.h; sourceTree = "<group>"; };
		D1FB27A6133E78500032489A /* checkconf.cpp */ = {isa = PBXFileReference; fileEncoding = 4; lastKnownFileType = sourcecode.cpp.cpp; path = checkconf.cpp; sourceTree = "<group>"; };
		D1FB27A7133E78500032489A /* checkconf.h */ = {isa = PBXFileReference; fileEncoding = 4; lastKnownFileType = sourcecode.c.h; path = checkconf.h; sourceTree = "<group>"; };
		D1FB27A9133E79E40032489A /* simulation.cpp */ = {isa = PBXFileReference; fileEncoding = 4; lastKnownFileType = sourcecode.cpp.cpp; path = simulation.cpp; sourceTree = "<group>"; };
		D1FB27AA133E79E40032489A /* simulation.h */ = {isa = PBXFileReference; fileEncoding = 4; lastKnownFileType = sourcecode.c.h; path = simulation.h; sourceTree = "<group>"; };
/* End PBXFileReference section */

/* Begin PBXGroup section */
		D1037282133E7398002A3028 = {
			isa = PBXGroup;
			children = (
				D1C0FB651351719500C97835 /* Brains */,
				D14E4FC913401CC6009A003F /* Executables */,
				D14E4FC613401C81009A003F /* Objects */,
				D14E4FC813401CB0009A003F /* Properties */,
				D120AE6E133FE9C8001352BF /* location.cpp */,
				D120AE6F133FE9C8001352BF /* location.h */,
				D12DCC94133EC03B00E53FF2 /* stringutils.cpp */,
				D12DCC95133EC03B00E53FF2 /* stringutils.h */,
				D1FB27A9133E79E40032489A /* simulation.cpp */,
				D1FB27AA133E79E40032489A /* simulation.h */,
				D103728F133E743C002A3028 /* makefile */,
			);
			sourceTree = "<group>";
		};
		D14E4FC613401C81009A003F /* Objects */ = {
			isa = PBXGroup;
			children = (
				D179BE9F13523991002632EA /* energy.cpp */,
				D179BE9D135207AF002632EA /* energy.h */,
				D1627F04133FBD9A004593B9 /* ball.cpp */,
				D1627F05133FBD9A004593B9 /* ball.h */,
				D1627F06133FCD19004593B9 /* block.cpp */,
				D1627F07133FCD19004593B9 /* block.h */,
				D1627EFF133FB686004593B9 /* earthrock.cpp */,
				D1627F00133FB687004593B9 /* earthrock.h */,
				D1627F08133FCE75004593B9 /* energypill.cpp */,
				D1627F09133FCE75004593B9 /* energypill.h */,
				D12DCC97133EC77D00E53FF2 /* object.cpp */,
				D12DCC98133EC77D00E53FF2 /* object.h */,
				D12DCC99133EC85E00E53FF2 /* robot.cpp */,
				D12DCC9A133EC85E00E53FF2 /* robot.h */,
				D1627F02133FBA79004593B9 /* romulanrock.cpp */,
				D1627F03133FBA79004593B9 /* romulanrock.h */,
			);
			name = Objects;
			sourceTree = "<group>";
		};
		D14E4FC813401CB0009A003F /* Properties */ = {
			isa = PBXGroup;
			children = (
				D14E4FCE1340239F009A003F /* fog.cpp */,
				D14E4FCF1340239F009A003F /* fog.h */,
				D14E4FCC13402195009A003F /* hole.cpp */,
				D14E4FCD13402195009A003F /* hole.h */,
				D14E4FD01340239F009A003F /* jammer.cpp */,
				D14E4FD11340239F009A003F /* jammer.h */,
				D120AE71133FEBC8001352BF /* lava.cpp */,
				D120AE72133FEBC8001352BF /* lava.h */,
				D14E4FCA13401D58009A003F /* mud.cpp */,
				D14E4FCB13401D58009A003F /* mud.h */,
				D120AE73133FEE07001352BF /* property.cpp */,
				D120AE74133FEE07001352BF /* property.h */,
				D120AE75134011A4001352BF /* water.cpp */,
				D120AE76134011A4001352BF /* water.h */,
			);
			name = Properties;
			sourceTree = "<group>";
		};
		D14E4FC913401CC6009A003F /* Executables */ = {
			isa = PBXGroup;
			children = (
				D1FB27A6133E78500032489A /* checkconf.cpp */,
				D1FB27A7133E78500032489A /* checkconf.h */,
				D18D47561348F94F00D16CEA /* generateconf.cpp */,
				D18D47571348F94F00D16CEA /* generateconf.h */,
				D174FC3713500D3C003CAE7B /* simulate.cpp */,
				D174FC3813500D3C003CAE7B /* simulate.h */,
			);
			name = Executables;
			sourceTree = "<group>";
		};
		D1C0FB651351719500C97835 /* Brains */ = {
			isa = PBXGroup;
			children = (
				D1C0FB67135171C800C97835 /* brain.cpp */,
				D1C0FB68135171C800C97835 /* brain.h */,
				D174FC3413500168003CAE7B /* pilladdict.cpp */,
				D174FC3513500168003CAE7B /* pilladdict.h */,
				D16445F01357FD19007AAF08 /* sentry.cpp */,
				D16445F11357FD19007AAF08 /* sentry.h */,
				D1B3AC9C13636D170069DC6D /* tribot.cpp */,
				D1B3AC9D13636D170069DC6D /* tribot.h */,
			);
			name = Brains;
			sourceTree = "<group>";
		};
/* End PBXGroup section */

/* Begin PBXLegacyTarget section */
		D1FB27AB133E7DC60032489A /* Project2 */ = {
			isa = PBXLegacyTarget;
			buildArgumentsString = "";
			buildConfigurationList = D1FB27AC133E7DC60032489A /* Build configuration list for PBXLegacyTarget "Project2" */;
			buildPhases = (
			);
			buildToolPath = /usr/bin/make;
			buildWorkingDirectory = /Users/breber/CS229/Project2;
			dependencies = (
			);
			name = Project2;
			passBuildSettingsInEnvironment = 0;
			productName = Project2;
		};
/* End PBXLegacyTarget section */

/* Begin PBXProject section */
		D1037284133E7398002A3028 /* Project object */ = {
			isa = PBXProject;
			buildConfigurationList = D1037287133E7398002A3028 /* Build configuration list for PBXProject "Project2" */;
			compatibilityVersion = "Xcode 3.2";
			developmentRegion = English;
			hasScannedForEncodings = 0;
			knownRegions = (
				en,
			);
			mainGroup = D1037282133E7398002A3028;
			projectDirPath = "";
			projectRoot = "";
			targets = (
				D1FB27AB133E7DC60032489A /* Project2 */,
			);
		};
/* End PBXProject section */

/* Begin XCBuildConfiguration section */
		D103728A133E7398002A3028 /* Debug */ = {
			isa = XCBuildConfiguration;
			buildSettings = {
			};
			name = Debug;
		};
		D103728B133E7398002A3028 /* Release */ = {
			isa = XCBuildConfiguration;
			buildSettings = {
			};
			name = Release;
		};
		D1FB27AD133E7DC60032489A /* Debug */ = {
			isa = XCBuildConfiguration;
			buildSettings = {
			};
			name = Debug;
		};
		D1FB27AE133E7DC60032489A /* Release */ = {
			isa = XCBuildConfiguration;
			buildSettings = {
			};
			name = Release;
		};
/* End XCBuildConfiguration section */

/* Begin XCConfigurationList section */
		D1037287133E7398002A3028 /* Build configuration list for PBXProject "Project2" */ = {
			isa = XCConfigurationList;
			buildConfigurations = (
				D103728A133E7398002A3028 /* Debug */,
				D103728B133E7398002A3028 /* Release */,
			);
			defaultConfigurationIsVisible = 0;
			defaultConfigurationName = Release;
		};
		D1FB27AC133E7DC60032489A /* Build configuration list for PBXLegacyTarget "Project2" */ = {
			isa = XCConfigurationList;
			buildConfigurations = (
				D1FB27AD133E7DC60032489A /* Debug */,
				D1FB27AE133E7DC60032489A /* Release */,
			);
			defaultConfigurationIsVisible = 0;
			defaultConfigurationName = Release;
		};
/* End XCConfigurationList section */
	};
	rootObject = D1037284133E7398002A3028 /* Project object */;
}
