// !$*UTF8*$!
{
	archiveVersion = 1;
	classes = {
	};
	objectVersion = 46;
	objects = {

/* Begin PBXBuildFile section */
		D104F9F41615D5A5003EFB98 /* UIKit.framework in Frameworks */ = {isa = PBXBuildFile; fileRef = D104F9F31615D5A5003EFB98 /* UIKit.framework */; };
		D104F9F61615D5A5003EFB98 /* Foundation.framework in Frameworks */ = {isa = PBXBuildFile; fileRef = D104F9F51615D5A5003EFB98 /* Foundation.framework */; };
		D104F9F81615D5A5003EFB98 /* CoreGraphics.framework in Frameworks */ = {isa = PBXBuildFile; fileRef = D104F9F71615D5A5003EFB98 /* CoreGraphics.framework */; };
		D104F9FE1615D5A5003EFB98 /* InfoPlist.strings in Resources */ = {isa = PBXBuildFile; fileRef = D104F9FC1615D5A5003EFB98 /* InfoPlist.strings */; };
		D104FA001615D5A5003EFB98 /* main.m in Sources */ = {isa = PBXBuildFile; fileRef = D104F9FF1615D5A5003EFB98 /* main.m */; };
		D104FA041615D5A5003EFB98 /* AppDelegate.m in Sources */ = {isa = PBXBuildFile; fileRef = D104FA031615D5A5003EFB98 /* AppDelegate.m */; };
		D104FA061615D5A5003EFB98 /* Default.png in Resources */ = {isa = PBXBuildFile; fileRef = D104FA051615D5A5003EFB98 /* Default.png */; };
		D104FA081615D5A5003EFB98 /* Default@2x.png in Resources */ = {isa = PBXBuildFile; fileRef = D104FA071615D5A5003EFB98 /* Default@2x.png */; };
		D104FA0A1615D5A5003EFB98 /* Default-568h@2x.png in Resources */ = {isa = PBXBuildFile; fileRef = D104FA091615D5A5003EFB98 /* Default-568h@2x.png */; };
		D104FA0D1615D5A5003EFB98 /* MainStoryboard_iPhone.storyboard in Resources */ = {isa = PBXBuildFile; fileRef = D104FA0B1615D5A5003EFB98 /* MainStoryboard_iPhone.storyboard */; };
		D104FA131615D5A5003EFB98 /* FirstViewController.m in Sources */ = {isa = PBXBuildFile; fileRef = D104FA121615D5A5003EFB98 /* FirstViewController.m */; };
		D104FA151615D5A5003EFB98 /* first.png in Resources */ = {isa = PBXBuildFile; fileRef = D104FA141615D5A5003EFB98 /* first.png */; };
		D104FA171615D5A5003EFB98 /* first@2x.png in Resources */ = {isa = PBXBuildFile; fileRef = D104FA161615D5A5003EFB98 /* first@2x.png */; };
		D104FA1A1615D5A5003EFB98 /* SecondViewController.m in Sources */ = {isa = PBXBuildFile; fileRef = D104FA191615D5A5003EFB98 /* SecondViewController.m */; };
		D104FA1C1615D5A5003EFB98 /* second.png in Resources */ = {isa = PBXBuildFile; fileRef = D104FA1B1615D5A5003EFB98 /* second.png */; };
		D104FA1E1615D5A5003EFB98 /* second@2x.png in Resources */ = {isa = PBXBuildFile; fileRef = D104FA1D1615D5A5003EFB98 /* second@2x.png */; };
/* End PBXBuildFile section */

/* Begin PBXFileReference section */
		D104F9EF1615D5A5003EFB98 /* Lab05.app */ = {isa = PBXFileReference; explicitFileType = wrapper.application; includeInIndex = 0; path = Lab05.app; sourceTree = BUILT_PRODUCTS_DIR; };
		D104F9F31615D5A5003EFB98 /* UIKit.framework */ = {isa = PBXFileReference; lastKnownFileType = wrapper.framework; name = UIKit.framework; path = System/Library/Frameworks/UIKit.framework; sourceTree = SDKROOT; };
		D104F9F51615D5A5003EFB98 /* Foundation.framework */ = {isa = PBXFileReference; lastKnownFileType = wrapper.framework; name = Foundation.framework; path = System/Library/Frameworks/Foundation.framework; sourceTree = SDKROOT; };
		D104F9F71615D5A5003EFB98 /* CoreGraphics.framework */ = {isa = PBXFileReference; lastKnownFileType = wrapper.framework; name = CoreGraphics.framework; path = System/Library/Frameworks/CoreGraphics.framework; sourceTree = SDKROOT; };
		D104F9FB1615D5A5003EFB98 /* Lab05-Info.plist */ = {isa = PBXFileReference; lastKnownFileType = text.plist.xml; path = "Lab05-Info.plist"; sourceTree = "<group>"; };
		D104F9FD1615D5A5003EFB98 /* en */ = {isa = PBXFileReference; lastKnownFileType = text.plist.strings; name = en; path = en.lproj/InfoPlist.strings; sourceTree = "<group>"; };
		D104F9FF1615D5A5003EFB98 /* main.m */ = {isa = PBXFileReference; lastKnownFileType = sourcecode.c.objc; path = main.m; sourceTree = "<group>"; };
		D104FA011615D5A5003EFB98 /* Lab05-Prefix.pch */ = {isa = PBXFileReference; lastKnownFileType = sourcecode.c.h; path = "Lab05-Prefix.pch"; sourceTree = "<group>"; };
		D104FA021615D5A5003EFB98 /* AppDelegate.h */ = {isa = PBXFileReference; lastKnownFileType = sourcecode.c.h; path = AppDelegate.h; sourceTree = "<group>"; };
		D104FA031615D5A5003EFB98 /* AppDelegate.m */ = {isa = PBXFileReference; lastKnownFileType = sourcecode.c.objc; path = AppDelegate.m; sourceTree = "<group>"; };
		D104FA051615D5A5003EFB98 /* Default.png */ = {isa = PBXFileReference; lastKnownFileType = image.png; path = Default.png; sourceTree = "<group>"; };
		D104FA071615D5A5003EFB98 /* Default@2x.png */ = {isa = PBXFileReference; lastKnownFileType = image.png; path = "Default@2x.png"; sourceTree = "<group>"; };
		D104FA091615D5A5003EFB98 /* Default-568h@2x.png */ = {isa = PBXFileReference; lastKnownFileType = image.png; path = "Default-568h@2x.png"; sourceTree = "<group>"; };
		D104FA0C1615D5A5003EFB98 /* en */ = {isa = PBXFileReference; lastKnownFileType = file.storyboard; name = en; path = en.lproj/MainStoryboard_iPhone.storyboard; sourceTree = "<group>"; };
		D104FA111615D5A5003EFB98 /* FirstViewController.h */ = {isa = PBXFileReference; lastKnownFileType = sourcecode.c.h; path = FirstViewController.h; sourceTree = "<group>"; };
		D104FA121615D5A5003EFB98 /* FirstViewController.m */ = {isa = PBXFileReference; lastKnownFileType = sourcecode.c.objc; path = FirstViewController.m; sourceTree = "<group>"; };
		D104FA141615D5A5003EFB98 /* first.png */ = {isa = PBXFileReference; lastKnownFileType = image.png; path = first.png; sourceTree = "<group>"; };
		D104FA161615D5A5003EFB98 /* first@2x.png */ = {isa = PBXFileReference; lastKnownFileType = image.png; path = "first@2x.png"; sourceTree = "<group>"; };
		D104FA181615D5A5003EFB98 /* SecondViewController.h */ = {isa = PBXFileReference; lastKnownFileType = sourcecode.c.h; path = SecondViewController.h; sourceTree = "<group>"; };
		D104FA191615D5A5003EFB98 /* SecondViewController.m */ = {isa = PBXFileReference; lastKnownFileType = sourcecode.c.objc; path = SecondViewController.m; sourceTree = "<group>"; };
		D104FA1B1615D5A5003EFB98 /* second.png */ = {isa = PBXFileReference; lastKnownFileType = image.png; path = second.png; sourceTree = "<group>"; };
		D104FA1D1615D5A5003EFB98 /* second@2x.png */ = {isa = PBXFileReference; lastKnownFileType = image.png; path = "second@2x.png"; sourceTree = "<group>"; };
/* End PBXFileReference section */

/* Begin PBXFrameworksBuildPhase section */
		D104F9EC1615D5A5003EFB98 /* Frameworks */ = {
			isa = PBXFrameworksBuildPhase;
			buildActionMask = 2147483647;
			files = (
				D104F9F41615D5A5003EFB98 /* UIKit.framework in Frameworks */,
				D104F9F61615D5A5003EFB98 /* Foundation.framework in Frameworks */,
				D104F9F81615D5A5003EFB98 /* CoreGraphics.framework in Frameworks */,
			);
			runOnlyForDeploymentPostprocessing = 0;
		};
/* End PBXFrameworksBuildPhase section */

/* Begin PBXGroup section */
		D104F9E41615D5A4003EFB98 = {
			isa = PBXGroup;
			children = (
				D104F9F91615D5A5003EFB98 /* Lab05 */,
				D104F9F21615D5A5003EFB98 /* Frameworks */,
				D104F9F01615D5A5003EFB98 /* Products */,
			);
			sourceTree = "<group>";
		};
		D104F9F01615D5A5003EFB98 /* Products */ = {
			isa = PBXGroup;
			children = (
				D104F9EF1615D5A5003EFB98 /* Lab05.app */,
			);
			name = Products;
			sourceTree = "<group>";
		};
		D104F9F21615D5A5003EFB98 /* Frameworks */ = {
			isa = PBXGroup;
			children = (
				D104F9F31615D5A5003EFB98 /* UIKit.framework */,
				D104F9F51615D5A5003EFB98 /* Foundation.framework */,
				D104F9F71615D5A5003EFB98 /* CoreGraphics.framework */,
			);
			name = Frameworks;
			sourceTree = "<group>";
		};
		D104F9F91615D5A5003EFB98 /* Lab05 */ = {
			isa = PBXGroup;
			children = (
				D104FA021615D5A5003EFB98 /* AppDelegate.h */,
				D104FA031615D5A5003EFB98 /* AppDelegate.m */,
				D104FA0B1615D5A5003EFB98 /* MainStoryboard_iPhone.storyboard */,
				D104FA111615D5A5003EFB98 /* FirstViewController.h */,
				D104FA121615D5A5003EFB98 /* FirstViewController.m */,
				D104FA141615D5A5003EFB98 /* first.png */,
				D104FA161615D5A5003EFB98 /* first@2x.png */,
				D104FA181615D5A5003EFB98 /* SecondViewController.h */,
				D104FA191615D5A5003EFB98 /* SecondViewController.m */,
				D104FA1B1615D5A5003EFB98 /* second.png */,
				D104FA1D1615D5A5003EFB98 /* second@2x.png */,
				D104F9FA1615D5A5003EFB98 /* Supporting Files */,
			);
			path = Lab05;
			sourceTree = "<group>";
		};
		D104F9FA1615D5A5003EFB98 /* Supporting Files */ = {
			isa = PBXGroup;
			children = (
				D104F9FB1615D5A5003EFB98 /* Lab05-Info.plist */,
				D104F9FC1615D5A5003EFB98 /* InfoPlist.strings */,
				D104F9FF1615D5A5003EFB98 /* main.m */,
				D104FA011615D5A5003EFB98 /* Lab05-Prefix.pch */,
				D104FA051615D5A5003EFB98 /* Default.png */,
				D104FA071615D5A5003EFB98 /* Default@2x.png */,
				D104FA091615D5A5003EFB98 /* Default-568h@2x.png */,
			);
			name = "Supporting Files";
			sourceTree = "<group>";
		};
/* End PBXGroup section */

/* Begin PBXNativeTarget section */
		D104F9EE1615D5A5003EFB98 /* Lab05 */ = {
			isa = PBXNativeTarget;
			buildConfigurationList = D104FA211615D5A5003EFB98 /* Build configuration list for PBXNativeTarget "Lab05" */;
			buildPhases = (
				D104F9EB1615D5A5003EFB98 /* Sources */,
				D104F9EC1615D5A5003EFB98 /* Frameworks */,
				D104F9ED1615D5A5003EFB98 /* Resources */,
			);
			buildRules = (
			);
			dependencies = (
			);
			name = Lab05;
			productName = Lab05;
			productReference = D104F9EF1615D5A5003EFB98 /* Lab05.app */;
			productType = "com.apple.product-type.application";
		};
/* End PBXNativeTarget section */

/* Begin PBXProject section */
		D104F9E61615D5A4003EFB98 /* Project object */ = {
			isa = PBXProject;
			attributes = {
				LastUpgradeCheck = 0450;
				ORGANIZATIONNAME = "Brian Reber";
			};
			buildConfigurationList = D104F9E91615D5A4003EFB98 /* Build configuration list for PBXProject "Lab05" */;
			compatibilityVersion = "Xcode 3.2";
			developmentRegion = English;
			hasScannedForEncodings = 0;
			knownRegions = (
				en,
			);
			mainGroup = D104F9E41615D5A4003EFB98;
			productRefGroup = D104F9F01615D5A5003EFB98 /* Products */;
			projectDirPath = "";
			projectRoot = "";
			targets = (
				D104F9EE1615D5A5003EFB98 /* Lab05 */,
			);
		};
/* End PBXProject section */

/* Begin PBXResourcesBuildPhase section */
		D104F9ED1615D5A5003EFB98 /* Resources */ = {
			isa = PBXResourcesBuildPhase;
			buildActionMask = 2147483647;
			files = (
				D104F9FE1615D5A5003EFB98 /* InfoPlist.strings in Resources */,
				D104FA061615D5A5003EFB98 /* Default.png in Resources */,
				D104FA081615D5A5003EFB98 /* Default@2x.png in Resources */,
				D104FA0A1615D5A5003EFB98 /* Default-568h@2x.png in Resources */,
				D104FA0D1615D5A5003EFB98 /* MainStoryboard_iPhone.storyboard in Resources */,
				D104FA151615D5A5003EFB98 /* first.png in Resources */,
				D104FA171615D5A5003EFB98 /* first@2x.png in Resources */,
				D104FA1C1615D5A5003EFB98 /* second.png in Resources */,
				D104FA1E1615D5A5003EFB98 /* second@2x.png in Resources */,
			);
			runOnlyForDeploymentPostprocessing = 0;
		};
/* End PBXResourcesBuildPhase section */

/* Begin PBXSourcesBuildPhase section */
		D104F9EB1615D5A5003EFB98 /* Sources */ = {
			isa = PBXSourcesBuildPhase;
			buildActionMask = 2147483647;
			files = (
				D104FA001615D5A5003EFB98 /* main.m in Sources */,
				D104FA041615D5A5003EFB98 /* AppDelegate.m in Sources */,
				D104FA131615D5A5003EFB98 /* FirstViewController.m in Sources */,
				D104FA1A1615D5A5003EFB98 /* SecondViewController.m in Sources */,
			);
			runOnlyForDeploymentPostprocessing = 0;
		};
/* End PBXSourcesBuildPhase section */

/* Begin PBXVariantGroup section */
		D104F9FC1615D5A5003EFB98 /* InfoPlist.strings */ = {
			isa = PBXVariantGroup;
			children = (
				D104F9FD1615D5A5003EFB98 /* en */,
			);
			name = InfoPlist.strings;
			sourceTree = "<group>";
		};
		D104FA0B1615D5A5003EFB98 /* MainStoryboard_iPhone.storyboard */ = {
			isa = PBXVariantGroup;
			children = (
				D104FA0C1615D5A5003EFB98 /* en */,
			);
			name = MainStoryboard_iPhone.storyboard;
			sourceTree = "<group>";
		};
/* End PBXVariantGroup section */

/* Begin XCBuildConfiguration section */
		D104FA1F1615D5A5003EFB98 /* Debug */ = {
			isa = XCBuildConfiguration;
			buildSettings = {
				ALWAYS_SEARCH_USER_PATHS = NO;
				CLANG_CXX_LANGUAGE_STANDARD = "gnu++0x";
				CLANG_CXX_LIBRARY = "libc++";
				CLANG_ENABLE_OBJC_ARC = YES;
				CLANG_WARN_EMPTY_BODY = YES;
				CLANG_WARN__DUPLICATE_METHOD_MATCH = YES;
				"CODE_SIGN_IDENTITY[sdk=iphoneos*]" = "iPhone Developer";
				COPY_PHASE_STRIP = NO;
				GCC_C_LANGUAGE_STANDARD = gnu99;
				GCC_DYNAMIC_NO_PIC = NO;
				GCC_OPTIMIZATION_LEVEL = 0;
				GCC_PREPROCESSOR_DEFINITIONS = (
					"DEBUG=1",
					"$(inherited)",
				);
				GCC_SYMBOLS_PRIVATE_EXTERN = NO;
				GCC_WARN_ABOUT_RETURN_TYPE = YES;
				GCC_WARN_UNINITIALIZED_AUTOS = YES;
				GCC_WARN_UNUSED_VARIABLE = YES;
				IPHONEOS_DEPLOYMENT_TARGET = 6.0;
				SDKROOT = iphoneos;
				TARGETED_DEVICE_FAMILY = "1,2";
			};
			name = Debug;
		};
		D104FA201615D5A5003EFB98 /* Release */ = {
			isa = XCBuildConfiguration;
			buildSettings = {
				ALWAYS_SEARCH_USER_PATHS = NO;
				CLANG_CXX_LANGUAGE_STANDARD = "gnu++0x";
				CLANG_CXX_LIBRARY = "libc++";
				CLANG_ENABLE_OBJC_ARC = YES;
				CLANG_WARN_EMPTY_BODY = YES;
				CLANG_WARN__DUPLICATE_METHOD_MATCH = YES;
				"CODE_SIGN_IDENTITY[sdk=iphoneos*]" = "iPhone Developer";
				COPY_PHASE_STRIP = YES;
				GCC_C_LANGUAGE_STANDARD = gnu99;
				GCC_WARN_ABOUT_RETURN_TYPE = YES;
				GCC_WARN_UNINITIALIZED_AUTOS = YES;
				GCC_WARN_UNUSED_VARIABLE = YES;
				IPHONEOS_DEPLOYMENT_TARGET = 6.0;
				OTHER_CFLAGS = "-DNS_BLOCK_ASSERTIONS=1";
				SDKROOT = iphoneos;
				TARGETED_DEVICE_FAMILY = "1,2";
				VALIDATE_PRODUCT = YES;
			};
			name = Release;
		};
		D104FA221615D5A5003EFB98 /* Debug */ = {
			isa = XCBuildConfiguration;
			buildSettings = {
				GCC_PRECOMPILE_PREFIX_HEADER = YES;
				GCC_PREFIX_HEADER = "Lab05/Lab05-Prefix.pch";
				INFOPLIST_FILE = "Lab05/Lab05-Info.plist";
				PRODUCT_NAME = "$(TARGET_NAME)";
				TARGETED_DEVICE_FAMILY = 1;
				WRAPPER_EXTENSION = app;
			};
			name = Debug;
		};
		D104FA231615D5A5003EFB98 /* Release */ = {
			isa = XCBuildConfiguration;
			buildSettings = {
				GCC_PRECOMPILE_PREFIX_HEADER = YES;
				GCC_PREFIX_HEADER = "Lab05/Lab05-Prefix.pch";
				INFOPLIST_FILE = "Lab05/Lab05-Info.plist";
				PRODUCT_NAME = "$(TARGET_NAME)";
				TARGETED_DEVICE_FAMILY = 1;
				WRAPPER_EXTENSION = app;
			};
			name = Release;
		};
/* End XCBuildConfiguration section */

/* Begin XCConfigurationList section */
		D104F9E91615D5A4003EFB98 /* Build configuration list for PBXProject "Lab05" */ = {
			isa = XCConfigurationList;
			buildConfigurations = (
				D104FA1F1615D5A5003EFB98 /* Debug */,
				D104FA201615D5A5003EFB98 /* Release */,
			);
			defaultConfigurationIsVisible = 0;
			defaultConfigurationName = Release;
		};
		D104FA211615D5A5003EFB98 /* Build configuration list for PBXNativeTarget "Lab05" */ = {
			isa = XCConfigurationList;
			buildConfigurations = (
				D104FA221615D5A5003EFB98 /* Debug */,
				D104FA231615D5A5003EFB98 /* Release */,
			);
			defaultConfigurationIsVisible = 0;
		};
/* End XCConfigurationList section */
	};
	rootObject = D104F9E61615D5A4003EFB98 /* Project object */;
}
