// !$*UTF8*$!
{
	archiveVersion = 1;
	classes = {
	};
	objectVersion = 46;
	objects = {

/* Begin PBXBuildFile section */
		922B16E4163ACB0400074657 /* UIKit.framework in Frameworks */ = {isa = PBXBuildFile; fileRef = 922B16E3163ACB0400074657 /* UIKit.framework */; };
		922B16E6163ACB0400074657 /* Foundation.framework in Frameworks */ = {isa = PBXBuildFile; fileRef = 922B16E5163ACB0400074657 /* Foundation.framework */; };
		922B16E8163ACB0400074657 /* CoreGraphics.framework in Frameworks */ = {isa = PBXBuildFile; fileRef = 922B16E7163ACB0400074657 /* CoreGraphics.framework */; };
		922B16EE163ACB0400074657 /* InfoPlist.strings in Resources */ = {isa = PBXBuildFile; fileRef = 922B16EC163ACB0400074657 /* InfoPlist.strings */; };
		922B16F0163ACB0400074657 /* main.m in Sources */ = {isa = PBXBuildFile; fileRef = 922B16EF163ACB0400074657 /* main.m */; };
		922B16F4163ACB0400074657 /* AppDelegate.m in Sources */ = {isa = PBXBuildFile; fileRef = 922B16F3163ACB0400074657 /* AppDelegate.m */; };
		922B16F6163ACB0400074657 /* Default.png in Resources */ = {isa = PBXBuildFile; fileRef = 922B16F5163ACB0400074657 /* Default.png */; };
		922B16F8163ACB0400074657 /* Default@2x.png in Resources */ = {isa = PBXBuildFile; fileRef = 922B16F7163ACB0400074657 /* Default@2x.png */; };
		922B16FA163ACB0400074657 /* Default-568h@2x.png in Resources */ = {isa = PBXBuildFile; fileRef = 922B16F9163ACB0400074657 /* Default-568h@2x.png */; };
		922B16FD163ACB0400074657 /* MainStoryboard.storyboard in Resources */ = {isa = PBXBuildFile; fileRef = 922B16FB163ACB0400074657 /* MainStoryboard.storyboard */; };
		922B1700163ACB0400074657 /* ViewController.m in Sources */ = {isa = PBXBuildFile; fileRef = 922B16FF163ACB0400074657 /* ViewController.m */; };
/* End PBXBuildFile section */

/* Begin PBXFileReference section */
		922B16DF163ACB0400074657 /* Push.app */ = {isa = PBXFileReference; explicitFileType = wrapper.application; includeInIndex = 0; path = Push.app; sourceTree = BUILT_PRODUCTS_DIR; };
		922B16E3163ACB0400074657 /* UIKit.framework */ = {isa = PBXFileReference; lastKnownFileType = wrapper.framework; name = UIKit.framework; path = System/Library/Frameworks/UIKit.framework; sourceTree = SDKROOT; };
		922B16E5163ACB0400074657 /* Foundation.framework */ = {isa = PBXFileReference; lastKnownFileType = wrapper.framework; name = Foundation.framework; path = System/Library/Frameworks/Foundation.framework; sourceTree = SDKROOT; };
		922B16E7163ACB0400074657 /* CoreGraphics.framework */ = {isa = PBXFileReference; lastKnownFileType = wrapper.framework; name = CoreGraphics.framework; path = System/Library/Frameworks/CoreGraphics.framework; sourceTree = SDKROOT; };
		922B16EB163ACB0400074657 /* Push-Info.plist */ = {isa = PBXFileReference; lastKnownFileType = text.plist.xml; path = "Push-Info.plist"; sourceTree = "<group>"; };
		922B16ED163ACB0400074657 /* en */ = {isa = PBXFileReference; lastKnownFileType = text.plist.strings; name = en; path = en.lproj/InfoPlist.strings; sourceTree = "<group>"; };
		922B16EF163ACB0400074657 /* main.m */ = {isa = PBXFileReference; lastKnownFileType = sourcecode.c.objc; path = main.m; sourceTree = "<group>"; };
		922B16F1163ACB0400074657 /* Push-Prefix.pch */ = {isa = PBXFileReference; lastKnownFileType = sourcecode.c.h; path = "Push-Prefix.pch"; sourceTree = "<group>"; };
		922B16F2163ACB0400074657 /* AppDelegate.h */ = {isa = PBXFileReference; lastKnownFileType = sourcecode.c.h; path = AppDelegate.h; sourceTree = "<group>"; };
		922B16F3163ACB0400074657 /* AppDelegate.m */ = {isa = PBXFileReference; lastKnownFileType = sourcecode.c.objc; path = AppDelegate.m; sourceTree = "<group>"; };
		922B16F5163ACB0400074657 /* Default.png */ = {isa = PBXFileReference; lastKnownFileType = image.png; path = Default.png; sourceTree = "<group>"; };
		922B16F7163ACB0400074657 /* Default@2x.png */ = {isa = PBXFileReference; lastKnownFileType = image.png; path = "Default@2x.png"; sourceTree = "<group>"; };
		922B16F9163ACB0400074657 /* Default-568h@2x.png */ = {isa = PBXFileReference; lastKnownFileType = image.png; path = "Default-568h@2x.png"; sourceTree = "<group>"; };
		922B16FC163ACB0400074657 /* en */ = {isa = PBXFileReference; lastKnownFileType = file.storyboard; name = en; path = en.lproj/MainStoryboard.storyboard; sourceTree = "<group>"; };
		922B16FE163ACB0400074657 /* ViewController.h */ = {isa = PBXFileReference; lastKnownFileType = sourcecode.c.h; path = ViewController.h; sourceTree = "<group>"; };
		922B16FF163ACB0400074657 /* ViewController.m */ = {isa = PBXFileReference; lastKnownFileType = sourcecode.c.objc; path = ViewController.m; sourceTree = "<group>"; };
/* End PBXFileReference section */

/* Begin PBXFrameworksBuildPhase section */
		922B16DC163ACB0400074657 /* Frameworks */ = {
			isa = PBXFrameworksBuildPhase;
			buildActionMask = 2147483647;
			files = (
				922B16E4163ACB0400074657 /* UIKit.framework in Frameworks */,
				922B16E6163ACB0400074657 /* Foundation.framework in Frameworks */,
				922B16E8163ACB0400074657 /* CoreGraphics.framework in Frameworks */,
			);
			runOnlyForDeploymentPostprocessing = 0;
		};
/* End PBXFrameworksBuildPhase section */

/* Begin PBXGroup section */
		922B16D4163ACB0400074657 = {
			isa = PBXGroup;
			children = (
				922B16E9163ACB0400074657 /* Push */,
				922B16E2163ACB0400074657 /* Frameworks */,
				922B16E0163ACB0400074657 /* Products */,
			);
			sourceTree = "<group>";
		};
		922B16E0163ACB0400074657 /* Products */ = {
			isa = PBXGroup;
			children = (
				922B16DF163ACB0400074657 /* Push.app */,
			);
			name = Products;
			sourceTree = "<group>";
		};
		922B16E2163ACB0400074657 /* Frameworks */ = {
			isa = PBXGroup;
			children = (
				922B16E3163ACB0400074657 /* UIKit.framework */,
				922B16E5163ACB0400074657 /* Foundation.framework */,
				922B16E7163ACB0400074657 /* CoreGraphics.framework */,
			);
			name = Frameworks;
			sourceTree = "<group>";
		};
		922B16E9163ACB0400074657 /* Push */ = {
			isa = PBXGroup;
			children = (
				922B16F2163ACB0400074657 /* AppDelegate.h */,
				922B16F3163ACB0400074657 /* AppDelegate.m */,
				922B16FB163ACB0400074657 /* MainStoryboard.storyboard */,
				922B16FE163ACB0400074657 /* ViewController.h */,
				922B16FF163ACB0400074657 /* ViewController.m */,
				922B16EA163ACB0400074657 /* Supporting Files */,
			);
			path = Push;
			sourceTree = "<group>";
		};
		922B16EA163ACB0400074657 /* Supporting Files */ = {
			isa = PBXGroup;
			children = (
				922B16EB163ACB0400074657 /* Push-Info.plist */,
				922B16EC163ACB0400074657 /* InfoPlist.strings */,
				922B16EF163ACB0400074657 /* main.m */,
				922B16F1163ACB0400074657 /* Push-Prefix.pch */,
				922B16F5163ACB0400074657 /* Default.png */,
				922B16F7163ACB0400074657 /* Default@2x.png */,
				922B16F9163ACB0400074657 /* Default-568h@2x.png */,
			);
			name = "Supporting Files";
			sourceTree = "<group>";
		};
/* End PBXGroup section */

/* Begin PBXNativeTarget section */
		922B16DE163ACB0400074657 /* Push */ = {
			isa = PBXNativeTarget;
			buildConfigurationList = 922B1718163ACB0500074657 /* Build configuration list for PBXNativeTarget "Push" */;
			buildPhases = (
				922B16DB163ACB0400074657 /* Sources */,
				922B16DC163ACB0400074657 /* Frameworks */,
				922B16DD163ACB0400074657 /* Resources */,
			);
			buildRules = (
			);
			dependencies = (
			);
			name = Push;
			productName = Push;
			productReference = 922B16DF163ACB0400074657 /* Push.app */;
			productType = "com.apple.product-type.application";
		};
/* End PBXNativeTarget section */

/* Begin PBXProject section */
		922B16D6163ACB0400074657 /* Project object */ = {
			isa = PBXProject;
			attributes = {
				LastUpgradeCheck = 0450;
				ORGANIZATIONNAME = "Nelson, Ashley M";
			};
			buildConfigurationList = 922B16D9163ACB0400074657 /* Build configuration list for PBXProject "Push" */;
			compatibilityVersion = "Xcode 3.2";
			developmentRegion = English;
			hasScannedForEncodings = 0;
			knownRegions = (
				en,
			);
			mainGroup = 922B16D4163ACB0400074657;
			productRefGroup = 922B16E0163ACB0400074657 /* Products */;
			projectDirPath = "";
			projectRoot = "";
			targets = (
				922B16DE163ACB0400074657 /* Push */,
			);
		};
/* End PBXProject section */

/* Begin PBXResourcesBuildPhase section */
		922B16DD163ACB0400074657 /* Resources */ = {
			isa = PBXResourcesBuildPhase;
			buildActionMask = 2147483647;
			files = (
				922B16EE163ACB0400074657 /* InfoPlist.strings in Resources */,
				922B16F6163ACB0400074657 /* Default.png in Resources */,
				922B16F8163ACB0400074657 /* Default@2x.png in Resources */,
				922B16FA163ACB0400074657 /* Default-568h@2x.png in Resources */,
				922B16FD163ACB0400074657 /* MainStoryboard.storyboard in Resources */,
			);
			runOnlyForDeploymentPostprocessing = 0;
		};
/* End PBXResourcesBuildPhase section */

/* Begin PBXSourcesBuildPhase section */
		922B16DB163ACB0400074657 /* Sources */ = {
			isa = PBXSourcesBuildPhase;
			buildActionMask = 2147483647;
			files = (
				922B16F0163ACB0400074657 /* main.m in Sources */,
				922B16F4163ACB0400074657 /* AppDelegate.m in Sources */,
				922B1700163ACB0400074657 /* ViewController.m in Sources */,
			);
			runOnlyForDeploymentPostprocessing = 0;
		};
/* End PBXSourcesBuildPhase section */

/* Begin PBXVariantGroup section */
		922B16EC163ACB0400074657 /* InfoPlist.strings */ = {
			isa = PBXVariantGroup;
			children = (
				922B16ED163ACB0400074657 /* en */,
			);
			name = InfoPlist.strings;
			sourceTree = "<group>";
		};
		922B16FB163ACB0400074657 /* MainStoryboard.storyboard */ = {
			isa = PBXVariantGroup;
			children = (
				922B16FC163ACB0400074657 /* en */,
			);
			name = MainStoryboard.storyboard;
			sourceTree = "<group>";
		};
/* End PBXVariantGroup section */

/* Begin XCBuildConfiguration section */
		922B1716163ACB0500074657 /* Debug */ = {
			isa = XCBuildConfiguration;
			buildSettings = {
				ALWAYS_SEARCH_USER_PATHS = NO;
				CLANG_CXX_LANGUAGE_STANDARD = "gnu++0x";
				CLANG_CXX_LIBRARY = "libc++";
				CLANG_ENABLE_OBJC_ARC = YES;
				CLANG_WARN_EMPTY_BODY = YES;
				CLANG_WARN__DUPLICATE_METHOD_MATCH = YES;
				"CODE_SIGN_IDENTITY[sdk=iphoneos*]" = "iPhone Developer";
				COPY_PHASE_STRIP = NO;
				GCC_C_LANGUAGE_STANDARD = gnu99;
				GCC_DYNAMIC_NO_PIC = NO;
				GCC_OPTIMIZATION_LEVEL = 0;
				GCC_PREPROCESSOR_DEFINITIONS = (
					"DEBUG=1",
					"$(inherited)",
				);
				GCC_SYMBOLS_PRIVATE_EXTERN = NO;
				GCC_WARN_ABOUT_RETURN_TYPE = YES;
				GCC_WARN_UNINITIALIZED_AUTOS = YES;
				GCC_WARN_UNUSED_VARIABLE = YES;
				IPHONEOS_DEPLOYMENT_TARGET = 6.0;
				ONLY_ACTIVE_ARCH = YES;
				SDKROOT = iphoneos;
			};
			name = Debug;
		};
		922B1717163ACB0500074657 /* Release */ = {
			isa = XCBuildConfiguration;
			buildSettings = {
				ALWAYS_SEARCH_USER_PATHS = NO;
				CLANG_CXX_LANGUAGE_STANDARD = "gnu++0x";
				CLANG_CXX_LIBRARY = "libc++";
				CLANG_ENABLE_OBJC_ARC = YES;
				CLANG_WARN_EMPTY_BODY = YES;
				CLANG_WARN__DUPLICATE_METHOD_MATCH = YES;
				"CODE_SIGN_IDENTITY[sdk=iphoneos*]" = "iPhone Developer";
				COPY_PHASE_STRIP = YES;
				GCC_C_LANGUAGE_STANDARD = gnu99;
				GCC_WARN_ABOUT_RETURN_TYPE = YES;
				GCC_WARN_UNINITIALIZED_AUTOS = YES;
				GCC_WARN_UNUSED_VARIABLE = YES;
				IPHONEOS_DEPLOYMENT_TARGET = 6.0;
				OTHER_CFLAGS = "-DNS_BLOCK_ASSERTIONS=1";
				SDKROOT = iphoneos;
				VALIDATE_PRODUCT = YES;
			};
			name = Release;
		};
		922B1719163ACB0500074657 /* Debug */ = {
			isa = XCBuildConfiguration;
			buildSettings = {
				GCC_PRECOMPILE_PREFIX_HEADER = YES;
				GCC_PREFIX_HEADER = "Push/Push-Prefix.pch";
				INFOPLIST_FILE = "Push/Push-Info.plist";
				PRODUCT_NAME = "$(TARGET_NAME)";
				WRAPPER_EXTENSION = app;
			};
			name = Debug;
		};
		922B171A163ACB0500074657 /* Release */ = {
			isa = XCBuildConfiguration;
			buildSettings = {
				GCC_PRECOMPILE_PREFIX_HEADER = YES;
				GCC_PREFIX_HEADER = "Push/Push-Prefix.pch";
				INFOPLIST_FILE = "Push/Push-Info.plist";
				PRODUCT_NAME = "$(TARGET_NAME)";
				WRAPPER_EXTENSION = app;
			};
			name = Release;
		};
/* End XCBuildConfiguration section */

/* Begin XCConfigurationList section */
		922B16D9163ACB0400074657 /* Build configuration list for PBXProject "Push" */ = {
			isa = XCConfigurationList;
			buildConfigurations = (
				922B1716163ACB0500074657 /* Debug */,
				922B1717163ACB0500074657 /* Release */,
			);
			defaultConfigurationIsVisible = 0;
			defaultConfigurationName = Release;
		};
		922B1718163ACB0500074657 /* Build configuration list for PBXNativeTarget "Push" */ = {
			isa = XCConfigurationList;
			buildConfigurations = (
				922B1719163ACB0500074657 /* Debug */,
				922B171A163ACB0500074657 /* Release */,
			);
			defaultConfigurationIsVisible = 0;
			defaultConfigurationName = Release;
		};
/* End XCConfigurationList section */
	};
	rootObject = 922B16D6163ACB0400074657 /* Project object */;
}
